
Microsoft Visual Studio Solution File, Format Version 12.00
# Visual Studio 2012
Project("{FAE04EC0-301F-11D3-BF4B-00C04F79EFBC}") = "PushPopAsync", "PushPopAsync\PushPopAsync.csproj", "{3942DE31-58AA-4021-98B2-BC88900E4A17}"
EndProject
Project("{FAE04EC0-301F-11D3-BF4B-00C04F79EFBC}") = "PushPopAsync.iOS", "iOS\PushPopAsync.iOS.csproj", "{04BE5FAC-6AAD-443F-B1EB-54AFFC62C103}"
EndProject
Project("{FAE04EC0-301F-11D3-BF4B-00C04F79EFBC}") = "PushPopAsync.Droid", "Droid\PushPopAsync.Droid.csproj", "{BC8A5577-CA31-4E81-A7B2-BBD83E723CC4}"
EndProject
Global
	GlobalSection(SolutionConfigurationPlatforms) = preSolution
		Debug|Any CPU = Debug|Any CPU
		Release|Any CPU = Release|Any CPU
		Debug|iPhoneSimulator = Debug|iPhoneSimulator
		Release|iPhone = Release|iPhone
		Release|iPhoneSimulator = Release|iPhoneSimulator
		Debug|iPhone = Debug|iPhone
	EndGlobalSection
	GlobalSection(ProjectConfigurationPlatforms) = postSolution
		{3942DE31-58AA-4021-98B2-BC88900E4A17}.Debug|Any CPU.ActiveCfg = Debug|Any CPU
		{3942DE31-58AA-4021-98B2-BC88900E4A17}.Debug|Any CPU.Build.0 = Debug|Any CPU
		{3942DE31-58AA-4021-98B2-BC88900E4A17}.Release|Any CPU.ActiveCfg = Release|Any CPU
		{3942DE31-58AA-4021-98B2-BC88900E4A17}.Release|Any CPU.Build.0 = Release|Any CPU
		{3942DE31-58AA-4021-98B2-BC88900E4A17}.Debug|iPhoneSimulator.ActiveCfg = Debug|Any CPU
		{3942DE31-58AA-4021-98B2-BC88900E4A17}.Debug|iPhoneSimulator.Build.0 = Debug|Any CPU
		{3942DE31-58AA-4021-98B2-BC88900E4A17}.Release|iPhone.ActiveCfg = Release|Any CPU
		{3942DE31-58AA-4021-98B2-BC88900E4A17}.Release|iPhone.Build.0 = Release|Any CPU
		{3942DE31-58AA-4021-98B2-BC88900E4A17}.Release|iPhoneSimulator.ActiveCfg = Release|Any CPU
		{3942DE31-58AA-4021-98B2-BC88900E4A17}.Release|iPhoneSimulator.Build.0 = Release|Any CPU
		{3942DE31-58AA-4021-98B2-BC88900E4A17}.Debug|iPhone.ActiveCfg = Debug|Any CPU
		{3942DE31-58AA-4021-98B2-BC88900E4A17}.Debug|iPhone.Build.0 = Debug|Any CPU
		{04BE5FAC-6AAD-443F-B1EB-54AFFC62C103}.Debug|Any CPU.ActiveCfg = Debug|iPhoneSimulator
		{04BE5FAC-6AAD-443F-B1EB-54AFFC62C103}.Debug|Any CPU.Build.0 = Debug|iPhoneSimulator
		{04BE5FAC-6AAD-443F-B1EB-54AFFC62C103}.Release|Any CPU.ActiveCfg = Release|iPhone
		{04BE5FAC-6AAD-443F-B1EB-54AFFC62C103}.Release|Any CPU.Build.0 = Release|iPhone
		{04BE5FAC-6AAD-443F-B1EB-54AFFC62C103}.Debug|iPhoneSimulator.ActiveCfg = Debug|iPhoneSimulator
		{04BE5FAC-6AAD-443F-B1EB-54AFFC62C103}.Debug|iPhoneSimulator.Build.0 = Debug|iPhoneSimulator
		{04BE5FAC-6AAD-443F-B1EB-54AFFC62C103}.Release|iPhone.ActiveCfg = Release|iPhone
		{04BE5FAC-6AAD-443F-B1EB-54AFFC62C103}.Release|iPhone.Build.0 = Release|iPhone
		{04BE5FAC-6AAD-443F-B1EB-54AFFC62C103}.Release|iPhoneSimulator.ActiveCfg = Release|iPhoneSimulator
		{04BE5FAC-6AAD-443F-B1EB-54AFFC62C103}.Release|iPhoneSimulator.Build.0 = Release|iPhoneSimulator
		{04BE5FAC-6AAD-443F-B1EB-54AFFC62C103}.Debug|iPhone.ActiveCfg = Debug|iPhone
		{04BE5FAC-6AAD-443F-B1EB-54AFFC62C103}.Debug|iPhone.Build.0 = Debug|iPhone
		{BC8A5577-CA31-4E81-A7B2-BBD83E723CC4}.Debug|Any CPU.ActiveCfg = Debug|Any CPU
		{BC8A5577-CA31-4E81-A7B2-BBD83E723CC4}.Debug|Any CPU.Build.0 = Debug|Any CPU
		{BC8A5577-CA31-4E81-A7B2-BBD83E723CC4}.Release|Any CPU.ActiveCfg = Release|Any CPU
		{BC8A5577-CA31-4E81-A7B2-BBD83E723CC4}.Release|Any CPU.Build.0 = Release|Any CPU
		{BC8A5577-CA31-4E81-A7B2-BBD83E723CC4}.Debug|iPhoneSimulator.ActiveCfg = Debug|Any CPU
		{BC8A5577-CA31-4E81-A7B2-BBD83E723CC4}.Debug|iPhoneSimulator.Build.0 = Debug|Any CPU
		{BC8A5577-CA31-4E81-A7B2-BBD83E723CC4}.Release|iPhone.ActiveCfg = Release|Any CPU
		{BC8A5577-CA31-4E81-A7B2-BBD83E723CC4}.Release|iPhone.Build.0 = Release|Any CPU
		{BC8A5577-CA31-4E81-A7B2-BBD83E723CC4}.Release|iPhoneSimulator.ActiveCfg = Release|Any CPU
		{BC8A5577-CA31-4E81-A7B2-BBD83E723CC4}.Release|iPhoneSimulator.Build.0 = Release|Any CPU
		{BC8A5577-CA31-4E81-A7B2-BBD83E723CC4}.Debug|iPhone.ActiveCfg = Debug|Any CPU
		{BC8A5577-CA31-4E81-A7B2-BBD83E723CC4}.Debug|iPhone.Build.0 = Debug|Any CPU
	EndGlobalSection
EndGlobal
